
Microsoft Visual Studio Solution File, Format Version 12.00
# Visual Studio Version 16
VisualStudioVersion = 16.0.31624.102
MinimumVisualStudioVersion = 10.0.40219.1
Project("{9A19103F-16F7-4668-BE54-9A1E7A4F7556}") = "Game", "Game\Game.csproj", "{8D318F6F-941E-424A-885A-A5B38B23F267}"
EndProject
Global
	GlobalSection(SolutionConfigurationPlatforms) = preSolution
		Debug|Any CPU = Debug|Any CPU
		Release|Any CPU = Release|Any CPU
	EndGlobalSection
	GlobalSection(ProjectConfigurationPlatforms) = postSolution
		{8D318F6F-941E-424A-885A-A5B38B23F267}.Debug|Any CPU.ActiveCfg = Debug|Any CPU
		{8D318F6F-941E-424A-885A-A5B38B23F267}.Debug|Any CPU.Build.0 = Debug|Any CPU
		{8D318F6F-941E-424A-885A-A5B38B23F267}.Release|Any CPU.ActiveCfg = Release|Any CPU
		{8D318F6F-941E-424A-885A-A5B38B23F267}.Release|Any CPU.Build.0 = Release|Any CPU
	EndGlobalSection
	GlobalSection(SolutionProperties) = preSolution
		HideSolutionNode = FALSE
	EndGlobalSection
	GlobalSection(ExtensibilityGlobals) = postSolution
		SolutionGuid = {7E669C42-AD38-4B8C-8AAD-ADD552111CAA}
	EndGlobalSection
EndGlobal
